# This file is generated by running "yarn install" inside your project.
# Manual changes might be lost - proceed with caution!

__metadata:
  version: 8
  cacheKey: 10c0

"@hp/utils@workspace:packages/utils":
  version: 0.0.0-use.local
  resolution: "@hp/utils@workspace:packages/utils"
  languageName: unknown
  linkType: soft

"yarn-berry-utils-monorepo@workspace:.":
  version: 0.0.0-use.local
  resolution: "yarn-berry-utils-monorepo@workspace:."
  languageName: unknown
  linkType: soft
